
Microsoft Visual Studio Solution File, Format Version 12.00
# Visual Studio Version 16
VisualStudioVersion = 16.0.31019.35
MinimumVisualStudioVersion = 10.0.40219.1
Project("{FAE04EC0-301F-11D3-BF4B-00C04F79EFBC}") = "MVC", "MVC\MVC.csproj", "{A5E36E6A-0ECD-4E61-A73A-93DE434F85EC}"
EndProject
Global
	GlobalSection(SolutionConfigurationPlatforms) = preSolution
		Debug|Any CPU = Debug|Any CPU
		Release|Any CPU = Release|Any CPU
	EndGlobalSection
	GlobalSection(ProjectConfigurationPlatforms) = postSolution
		{A5E36E6A-0ECD-4E61-A73A-93DE434F85EC}.Debug|Any CPU.ActiveCfg = Debug|Any CPU
		{A5E36E6A-0ECD-4E61-A73A-93DE434F85EC}.Debug|Any CPU.Build.0 = Debug|Any CPU
		{A5E36E6A-0ECD-4E61-A73A-93DE434F85EC}.Release|Any CPU.ActiveCfg = Release|Any CPU
		{A5E36E6A-0ECD-4E61-A73A-93DE434F85EC}.Release|Any CPU.Build.0 = Release|Any CPU
	EndGlobalSection
	GlobalSection(SolutionProperties) = preSolution
		HideSolutionNode = FALSE
	EndGlobalSection
	GlobalSection(ExtensibilityGlobals) = postSolution
		SolutionGuid = {A98DF958-0C8F-44FA-90A7-2D921AAF67FB}
	EndGlobalSection
EndGlobal
